// !$*UTF8*$!
{
	archiveVersion = 1;
	classes = {
	};
	objectVersion = 46;
	objects = {

/* Begin PBXBuildFile section */
		2FAAA6591BF94F9800B508AF /* main.cpp in Sources */ = {isa = PBXBuildFile; fileRef = 2FAAA6581BF94F9800B508AF /* main.cpp */; };
/* End PBXBuildFile section */

/* Begin PBXCopyFilesBuildPhase section */
		2FAAA6531BF94F9600B508AF /* CopyFiles */ = {
			isa = PBXCopyFilesBuildPhase;
			buildActionMask = 2147483647;
			dstPath = /usr/share/man/man1/;
			dstSubfolderSpec = 0;
			files = (
			);
			runOnlyForDeploymentPostprocessing = 1;
		};
/* End PBXCopyFilesBuildPhase section */

/* Begin PBXFileReference section */
		2FAAA6551BF94F9700B508AF /* GenomeData */ = {isa = PBXFileReference; explicitFileType = "compiled.mach-o.executable"; includeInIndex = 0; path = GenomeData; sourceTree = BUILT_PRODUCTS_DIR; };
		2FAAA6581BF94F9800B508AF /* main.cpp */ = {isa = PBXFileReference; lastKnownFileType = sourcecode.cpp.cpp; path = main.cpp; sourceTree = "<group>"; };
		2FAAA6611BF956B900B508AF /* chm1.fa */ = {isa = PBXFileReference; fileEncoding = 4; lastKnownFileType = text; name = chm1.fa; path = "../../../Genome Data/chm1.fa"; sourceTree = "<group>"; };
/* End PBXFileReference section */

/* Begin PBXFrameworksBuildPhase section */
		2FAAA6521BF94F9600B508AF /* Frameworks */ = {
			isa = PBXFrameworksBuildPhase;
			buildActionMask = 2147483647;
			files = (
			);
			runOnlyForDeploymentPostprocessing = 0;
		};
/* End PBXFrameworksBuildPhase section */

/* Begin PBXGroup section */
		2FAAA64C1BF94F9500B508AF = {
			isa = PBXGroup;
			children = (
				2FAAA6571BF94F9700B508AF /* GenomeData */,
				2FAAA6561BF94F9700B508AF /* Products */,
			);
			sourceTree = "<group>";
		};
		2FAAA6561BF94F9700B508AF /* Products */ = {
			isa = PBXGroup;
			children = (
				2FAAA6551BF94F9700B508AF /* GenomeData */,
			);
			name = Products;
			sourceTree = "<group>";
		};
		2FAAA6571BF94F9700B508AF /* GenomeData */ = {
			isa = PBXGroup;
			children = (
				2FAAA6611BF956B900B508AF /* chm1.fa */,
				2FAAA6581BF94F9800B508AF /* main.cpp */,
			);
			path = GenomeData;
			sourceTree = "<group>";
		};
/* End PBXGroup section */

/* Begin PBXNativeTarget section */
		2FAAA6541BF94F9600B508AF /* GenomeData */ = {
			isa = PBXNativeTarget;
			buildConfigurationList = 2FAAA65C1BF94F9800B508AF /* Build configuration list for PBXNativeTarget "GenomeData" */;
			buildPhases = (
				2FAAA6511BF94F9600B508AF /* Sources */,
				2FAAA6521BF94F9600B508AF /* Frameworks */,
				2FAAA6531BF94F9600B508AF /* CopyFiles */,
			);
			buildRules = (
			);
			dependencies = (
			);
			name = GenomeData;
			productName = GenomeData;
			productReference = 2FAAA6551BF94F9700B508AF /* GenomeData */;
			productType = "com.apple.product-type.tool";
		};
/* End PBXNativeTarget section */

/* Begin PBXProject section */
		2FAAA64D1BF94F9600B508AF /* Project object */ = {
			isa = PBXProject;
			attributes = {
				LastUpgradeCheck = 0700;
				ORGANIZATIONNAME = jperdomo;
				TargetAttributes = {
					2FAAA6541BF94F9600B508AF = {
						CreatedOnToolsVersion = 7.0;
					};
				};
			};
			buildConfigurationList = 2FAAA6501BF94F9600B508AF /* Build configuration list for PBXProject "GenomeData" */;
			compatibilityVersion = "Xcode 3.2";
			developmentRegion = English;
			hasScannedForEncodings = 0;
			knownRegions = (
				en,
			);
			mainGroup = 2FAAA64C1BF94F9500B508AF;
			productRefGroup = 2FAAA6561BF94F9700B508AF /* Products */;
			projectDirPath = "";
			projectRoot = "";
			targets = (
				2FAAA6541BF94F9600B508AF /* GenomeData */,
			);
		};
/* End PBXProject section */

/* Begin PBXSourcesBuildPhase section */
		2FAAA6511BF94F9600B508AF /* Sources */ = {
			isa = PBXSourcesBuildPhase;
			buildActionMask = 2147483647;
			files = (
				2FAAA6591BF94F9800B508AF /* main.cpp in Sources */,
			);
			runOnlyForDeploymentPostprocessing = 0;
		};
/* End PBXSourcesBuildPhase section */

/* Begin XCBuildConfiguration section */
		2FAAA65A1BF94F9800B508AF /* Debug */ = {
			isa = XCBuildConfiguration;
			buildSettings = {
				ALWAYS_SEARCH_USER_PATHS = NO;
				CLANG_CXX_LANGUAGE_STANDARD = "gnu++0x";
				CLANG_CXX_LIBRARY = "libc++";
				CLANG_ENABLE_MODULES = YES;
				CLANG_ENABLE_OBJC_ARC = YES;
				CLANG_WARN_BOOL_CONVERSION = YES;
				CLANG_WARN_CONSTANT_CONVERSION = YES;
				CLANG_WARN_DIRECT_OBJC_ISA_USAGE = YES_ERROR;
				CLANG_WARN_EMPTY_BODY = YES;
				CLANG_WARN_ENUM_CONVERSION = YES;
				CLANG_WARN_INT_CONVERSION = YES;
				CLANG_WARN_OBJC_ROOT_CLASS = YES_ERROR;
				CLANG_WARN_UNREACHABLE_CODE = YES;
				CLANG_WARN__DUPLICATE_METHOD_MATCH = YES;
				COPY_PHASE_STRIP = NO;
				DEBUG_INFORMATION_FORMAT = dwarf;
				ENABLE_STRICT_OBJC_MSGSEND = YES;
				ENABLE_TESTABILITY = YES;
				GCC_C_LANGUAGE_STANDARD = gnu99;
				GCC_DYNAMIC_NO_PIC = NO;
				GCC_NO_COMMON_BLOCKS = YES;
				GCC_OPTIMIZATION_LEVEL = 0;
				GCC_PREPROCESSOR_DEFINITIONS = (
					"DEBUG=1",
					"$(inherited)",
				);
				GCC_WARN_64_TO_32_BIT_CONVERSION = YES;
				GCC_WARN_ABOUT_RETURN_TYPE = YES_ERROR;
				GCC_WARN_UNDECLARED_SELECTOR = YES;
				GCC_WARN_UNINITIALIZED_AUTOS = YES_AGGRESSIVE;
				GCC_WARN_UNUSED_FUNCTION = YES;
				GCC_WARN_UNUSED_VARIABLE = YES;
				MACOSX_DEPLOYMENT_TARGET = 10.11;
				MTL_ENABLE_DEBUG_INFO = YES;
				ONLY_ACTIVE_ARCH = YES;
				SDKROOT = macosx;
			};
			name = Debug;
		};
		2FAAA65B1BF94F9800B508AF /* Release */ = {
			isa = XCBuildConfiguration;
			buildSettings = {
				ALWAYS_SEARCH_USER_PATHS = NO;
				CLANG_CXX_LANGUAGE_STANDARD = "gnu++0x";
				CLANG_CXX_LIBRARY = "libc++";
				CLANG_ENABLE_MODULES = YES;
				CLANG_ENABLE_OBJC_ARC = YES;
				CLANG_WARN_BOOL_CONVERSION = YES;
				CLANG_WARN_CONSTANT_CONVERSION = YES;
				CLANG_WARN_DIRECT_OBJC_ISA_USAGE = YES_ERROR;
				CLANG_WARN_EMPTY_BODY = YES;
				CLANG_WARN_ENUM_CONVERSION = YES;
				CLANG_WARN_INT_CONVERSION = YES;
				CLANG_WARN_OBJC_ROOT_CLASS = YES_ERROR;
				CLANG_WARN_UNREACHABLE_CODE = YES;
				CLANG_WARN__DUPLICATE_METHOD_MATCH = YES;
				COPY_PHASE_STRIP = NO;
				DEBUG_INFORMATION_FORMAT = "dwarf-with-dsym";
				ENABLE_NS_ASSERTIONS = NO;
				ENABLE_STRICT_OBJC_MSGSEND = YES;
				GCC_C_LANGUAGE_STANDARD = gnu99;
				GCC_NO_COMMON_BLOCKS = YES;
				GCC_WARN_64_TO_32_BIT_CONVERSION = YES;
				GCC_WARN_ABOUT_RETURN_TYPE = YES_ERROR;
				GCC_WARN_UNDECLARED_SELECTOR = YES;
				GCC_WARN_UNINITIALIZED_AUTOS = YES_AGGRESSIVE;
				GCC_WARN_UNUSED_FUNCTION = YES;
				GCC_WARN_UNUSED_VARIABLE = YES;
				MACOSX_DEPLOYMENT_TARGET = 10.11;
				MTL_ENABLE_DEBUG_INFO = NO;
				SDKROOT = macosx;
			};
			name = Release;
		};
		2FAAA65D1BF94F9800B508AF /* Debug */ = {
			isa = XCBuildConfiguration;
			buildSettings = {
				PRODUCT_NAME = "$(TARGET_NAME)";
			};
			name = Debug;
		};
		2FAAA65E1BF94F9800B508AF /* Release */ = {
			isa = XCBuildConfiguration;
			buildSettings = {
				PRODUCT_NAME = "$(TARGET_NAME)";
			};
			name = Release;
		};
/* End XCBuildConfiguration section */

/* Begin XCConfigurationList section */
		2FAAA6501BF94F9600B508AF /* Build configuration list for PBXProject "GenomeData" */ = {
			isa = XCConfigurationList;
			buildConfigurations = (
				2FAAA65A1BF94F9800B508AF /* Debug */,
				2FAAA65B1BF94F9800B508AF /* Release */,
			);
			defaultConfigurationIsVisible = 0;
			defaultConfigurationName = Release;
		};
		2FAAA65C1BF94F9800B508AF /* Build configuration list for PBXNativeTarget "GenomeData" */ = {
			isa = XCConfigurationList;
			buildConfigurations = (
				2FAAA65D1BF94F9800B508AF /* Debug */,
				2FAAA65E1BF94F9800B508AF /* Release */,
			);
			defaultConfigurationIsVisible = 0;
		};
/* End XCConfigurationList section */
	};
	rootObject = 2FAAA64D1BF94F9600B508AF /* Project object */;
}
